
Microsoft Visual Studio Solution File, Format Version 12.00
# Visual Studio Version 17
VisualStudioVersion = 17.0.31903.59
MinimumVisualStudioVersion = 10.0.40219.1
Project("{2150E333-8FDC-42A3-9474-1A3956D46DE8}") = "test", "test", "{E0282FD6-1717-4ACA-91AC-A793C83E122C}"
EndProject
Project("{9A19103F-16F7-4668-BE54-9A1E7A4F7556}") = "CleanCode.Test", "test\CleanCode.Test\CleanCode.Test.csproj", "{E3CEAECD-D207-4BB0-8260-187150483D62}"
EndProject
Project("{2150E333-8FDC-42A3-9474-1A3956D46DE8}") = "src", "src", "{CF7513EE-47F1-44CB-887B-7B3B82B8DD37}"
EndProject
Project("{9A19103F-16F7-4668-BE54-9A1E7A4F7556}") = "CleanCode.Domain", "src\CleanCode.Domain\CleanCode.Domain.csproj", "{DB421AEB-86C2-47A2-822F-E1C455816EAE}"
EndProject
Global
	GlobalSection(SolutionConfigurationPlatforms) = preSolution
		Debug|Any CPU = Debug|Any CPU
		Release|Any CPU = Release|Any CPU
	EndGlobalSection
	GlobalSection(ProjectConfigurationPlatforms) = postSolution
		{E3CEAECD-D207-4BB0-8260-187150483D62}.Debug|Any CPU.ActiveCfg = Debug|Any CPU
		{E3CEAECD-D207-4BB0-8260-187150483D62}.Debug|Any CPU.Build.0 = Debug|Any CPU
		{E3CEAECD-D207-4BB0-8260-187150483D62}.Release|Any CPU.ActiveCfg = Release|Any CPU
		{E3CEAECD-D207-4BB0-8260-187150483D62}.Release|Any CPU.Build.0 = Release|Any CPU
		{DB421AEB-86C2-47A2-822F-E1C455816EAE}.Debug|Any CPU.ActiveCfg = Debug|Any CPU
		{DB421AEB-86C2-47A2-822F-E1C455816EAE}.Debug|Any CPU.Build.0 = Debug|Any CPU
		{DB421AEB-86C2-47A2-822F-E1C455816EAE}.Release|Any CPU.ActiveCfg = Release|Any CPU
		{DB421AEB-86C2-47A2-822F-E1C455816EAE}.Release|Any CPU.Build.0 = Release|Any CPU
	EndGlobalSection
	GlobalSection(SolutionProperties) = preSolution
		HideSolutionNode = FALSE
	EndGlobalSection
	GlobalSection(NestedProjects) = preSolution
		{E3CEAECD-D207-4BB0-8260-187150483D62} = {E0282FD6-1717-4ACA-91AC-A793C83E122C}
		{DB421AEB-86C2-47A2-822F-E1C455816EAE} = {CF7513EE-47F1-44CB-887B-7B3B82B8DD37}
	EndGlobalSection
	GlobalSection(ExtensibilityGlobals) = postSolution
		SolutionGuid = {64B13A3B-D5DD-4289-8FCB-65E22FF7A736}
	EndGlobalSection
EndGlobal
